
Microsoft Visual Studio Solution File, Format Version 12.00
# Visual Studio 15
VisualStudioVersion = 15.0.28307.1169
MinimumVisualStudioVersion = 10.0.40219.1
Project("{FAE04EC0-301F-11D3-BF4B-00C04F79EFBC}") = "WebApi", "WebApi\WebApi.csproj", "{6CA7CC4F-6BE2-4501-BEC9-C4909E72537D}"
EndProject
Global
	GlobalSection(SolutionConfigurationPlatforms) = preSolution
		Debug|Any CPU = Debug|Any CPU
		Release|Any CPU = Release|Any CPU
	EndGlobalSection
	GlobalSection(ProjectConfigurationPlatforms) = postSolution
		{6CA7CC4F-6BE2-4501-BEC9-C4909E72537D}.Debug|Any CPU.ActiveCfg = Debug|Any CPU
		{6CA7CC4F-6BE2-4501-BEC9-C4909E72537D}.Debug|Any CPU.Build.0 = Debug|Any CPU
		{6CA7CC4F-6BE2-4501-BEC9-C4909E72537D}.Release|Any CPU.ActiveCfg = Release|Any CPU
		{6CA7CC4F-6BE2-4501-BEC9-C4909E72537D}.Release|Any CPU.Build.0 = Release|Any CPU
	EndGlobalSection
	GlobalSection(SolutionProperties) = preSolution
		HideSolutionNode = FALSE
	EndGlobalSection
	GlobalSection(ExtensibilityGlobals) = postSolution
		SolutionGuid = {B82B33EC-5991-4D6D-BB39-962B7E70CAE4}
	EndGlobalSection
EndGlobal
